
Microsoft Visual Studio Solution File, Format Version 12.00
# Visual Studio Version 16
VisualStudioVersion = 16.0.30907.101
MinimumVisualStudioVersion = 10.0.40219.1
Project("{9A19103F-16F7-4668-BE54-9A1E7A4F7556}") = "Entities", "Entities\Entities.csproj", "{AF4D30BE-81BB-41F7-AB29-4365A50379F1}"
EndProject
Project("{9A19103F-16F7-4668-BE54-9A1E7A4F7556}") = "DataAccess", "DataAccess\DataAccess.csproj", "{04BE33BA-CFFA-4CB3-BB00-1891056CEB04}"
EndProject
Project("{9A19103F-16F7-4668-BE54-9A1E7A4F7556}") = "Business", "Business\Business.csproj", "{7362683F-209B-4324-9596-016693851142}"
EndProject
Project("{9A19103F-16F7-4668-BE54-9A1E7A4F7556}") = "ConsoleUI", "ConsoleUI\ConsoleUI.csproj", "{C9F0FD6E-363A-425C-99D4-ECAA4C227377}"
EndProject
Project("{FAE04EC0-301F-11D3-BF4B-00C04F79EFBC}") = "Core", "Core\Core.csproj", "{5D46CE85-8D1B-457B-8E8E-EED32508F607}"
EndProject
Global
	GlobalSection(SolutionConfigurationPlatforms) = preSolution
		Debug|Any CPU = Debug|Any CPU
		Release|Any CPU = Release|Any CPU
	EndGlobalSection
	GlobalSection(ProjectConfigurationPlatforms) = postSolution
		{AF4D30BE-81BB-41F7-AB29-4365A50379F1}.Debug|Any CPU.ActiveCfg = Debug|Any CPU
		{AF4D30BE-81BB-41F7-AB29-4365A50379F1}.Debug|Any CPU.Build.0 = Debug|Any CPU
		{AF4D30BE-81BB-41F7-AB29-4365A50379F1}.Release|Any CPU.ActiveCfg = Release|Any CPU
		{AF4D30BE-81BB-41F7-AB29-4365A50379F1}.Release|Any CPU.Build.0 = Release|Any CPU
		{04BE33BA-CFFA-4CB3-BB00-1891056CEB04}.Debug|Any CPU.ActiveCfg = Debug|Any CPU
		{04BE33BA-CFFA-4CB3-BB00-1891056CEB04}.Debug|Any CPU.Build.0 = Debug|Any CPU
		{04BE33BA-CFFA-4CB3-BB00-1891056CEB04}.Release|Any CPU.ActiveCfg = Release|Any CPU
		{04BE33BA-CFFA-4CB3-BB00-1891056CEB04}.Release|Any CPU.Build.0 = Release|Any CPU
		{7362683F-209B-4324-9596-016693851142}.Debug|Any CPU.ActiveCfg = Debug|Any CPU
		{7362683F-209B-4324-9596-016693851142}.Debug|Any CPU.Build.0 = Debug|Any CPU
		{7362683F-209B-4324-9596-016693851142}.Release|Any CPU.ActiveCfg = Release|Any CPU
		{7362683F-209B-4324-9596-016693851142}.Release|Any CPU.Build.0 = Release|Any CPU
		{C9F0FD6E-363A-425C-99D4-ECAA4C227377}.Debug|Any CPU.ActiveCfg = Debug|Any CPU
		{C9F0FD6E-363A-425C-99D4-ECAA4C227377}.Debug|Any CPU.Build.0 = Debug|Any CPU
		{C9F0FD6E-363A-425C-99D4-ECAA4C227377}.Release|Any CPU.ActiveCfg = Release|Any CPU
		{C9F0FD6E-363A-425C-99D4-ECAA4C227377}.Release|Any CPU.Build.0 = Release|Any CPU
		{5D46CE85-8D1B-457B-8E8E-EED32508F607}.Debug|Any CPU.ActiveCfg = Debug|Any CPU
		{5D46CE85-8D1B-457B-8E8E-EED32508F607}.Debug|Any CPU.Build.0 = Debug|Any CPU
		{5D46CE85-8D1B-457B-8E8E-EED32508F607}.Release|Any CPU.ActiveCfg = Release|Any CPU
		{5D46CE85-8D1B-457B-8E8E-EED32508F607}.Release|Any CPU.Build.0 = Release|Any CPU
	EndGlobalSection
	GlobalSection(SolutionProperties) = preSolution
		HideSolutionNode = FALSE
	EndGlobalSection
	GlobalSection(ExtensibilityGlobals) = postSolution
		SolutionGuid = {E8980A33-2471-4ABA-9811-CEA0D4BF182F}
	EndGlobalSection
EndGlobal
